
Microsoft Visual Studio Solution File, Format Version 12.00
# Visual Studio Version 17
VisualStudioVersion = 17.0.31903.59
MinimumVisualStudioVersion = 10.0.40219.1
Project("{FAE04EC0-301F-11D3-BF4B-00C04F79EFBC}") = "JobTrack360.API", "JobTrack360.API\JobTrack360.API.csproj", "{2A9AC5FB-F938-1933-9BA4-24149C6129C2}"
EndProject
Project("{FAE04EC0-301F-11D3-BF4B-00C04F79EFBC}") = "JobTrack360.Application", "JobTrack360.Application\JobTrack360.Application.csproj", "{72A52338-DBFA-F8B3-386F-D153ABA77B83}"
EndProject
Project("{FAE04EC0-301F-11D3-BF4B-00C04F79EFBC}") = "JobTrack360.Domain", "JobTrack360.Domain\JobTrack360.Domain.csproj", "{EF1C33F8-81CE-20E1-D304-81D4BB5CA4EF}"
EndProject
Project("{FAE04EC0-301F-11D3-BF4B-00C04F79EFBC}") = "JobTrack360.Infrastructure", "JobTrack360.Infrastructure\JobTrack360.Infrastructure.csproj", "{335A8F38-E3ED-28FF-C3D0-7C5C9C553626}"
EndProject
Global
	GlobalSection(SolutionConfigurationPlatforms) = preSolution
		Debug|Any CPU = Debug|Any CPU
		Release|Any CPU = Release|Any CPU
	EndGlobalSection
	GlobalSection(ProjectConfigurationPlatforms) = postSolution
		{2A9AC5FB-F938-1933-9BA4-24149C6129C2}.Debug|Any CPU.ActiveCfg = Debug|Any CPU
		{2A9AC5FB-F938-1933-9BA4-24149C6129C2}.Debug|Any CPU.Build.0 = Debug|Any CPU
		{2A9AC5FB-F938-1933-9BA4-24149C6129C2}.Release|Any CPU.ActiveCfg = Release|Any CPU
		{2A9AC5FB-F938-1933-9BA4-24149C6129C2}.Release|Any CPU.Build.0 = Release|Any CPU
		{72A52338-DBFA-F8B3-386F-D153ABA77B83}.Debug|Any CPU.ActiveCfg = Debug|Any CPU
		{72A52338-DBFA-F8B3-386F-D153ABA77B83}.Debug|Any CPU.Build.0 = Debug|Any CPU
		{72A52338-DBFA-F8B3-386F-D153ABA77B83}.Release|Any CPU.ActiveCfg = Release|Any CPU
		{72A52338-DBFA-F8B3-386F-D153ABA77B83}.Release|Any CPU.Build.0 = Release|Any CPU
		{EF1C33F8-81CE-20E1-D304-81D4BB5CA4EF}.Debug|Any CPU.ActiveCfg = Debug|Any CPU
		{EF1C33F8-81CE-20E1-D304-81D4BB5CA4EF}.Debug|Any CPU.Build.0 = Debug|Any CPU
		{EF1C33F8-81CE-20E1-D304-81D4BB5CA4EF}.Release|Any CPU.ActiveCfg = Release|Any CPU
		{EF1C33F8-81CE-20E1-D304-81D4BB5CA4EF}.Release|Any CPU.Build.0 = Release|Any CPU
		{335A8F38-E3ED-28FF-C3D0-7C5C9C553626}.Debug|Any CPU.ActiveCfg = Debug|Any CPU
		{335A8F38-E3ED-28FF-C3D0-7C5C9C553626}.Debug|Any CPU.Build.0 = Debug|Any CPU
		{335A8F38-E3ED-28FF-C3D0-7C5C9C553626}.Release|Any CPU.ActiveCfg = Release|Any CPU
		{335A8F38-E3ED-28FF-C3D0-7C5C9C553626}.Release|Any CPU.Build.0 = Release|Any CPU
	EndGlobalSection
	GlobalSection(SolutionProperties) = preSolution
		HideSolutionNode = FALSE
	EndGlobalSection
	GlobalSection(ExtensibilityGlobals) = postSolution
		SolutionGuid = {A5A4E03F-C565-48D8-8555-959D5E062656}
	EndGlobalSection
EndGlobal
